// !$*UTF8*$!
{
	archiveVersion = 1;
	classes = {
	};
	objectVersion = 56;
	objects = {

/* Begin PBXBuildFile section */
		000000000000000000000101 /* AppConfiguration.swift in Sources */ = {isa = PBXBuildFile; fileRef = 000000000000000000000201 /* AppConfiguration.swift */; };
		000000000000000000000102 /* AppEnvironment.swift in Sources */ = {isa = PBXBuildFile; fileRef = 000000000000000000000202 /* AppEnvironment.swift */; };
		000000000000000000000103 /* AppRouter.swift in Sources */ = {isa = PBXBuildFile; fileRef = 000000000000000000000203 /* AppRouter.swift */; };
		000000000000000000000104 /* AppTab.swift in Sources */ = {isa = PBXBuildFile; fileRef = 000000000000000000000204 /* AppTab.swift */; };
		000000000000000000000105 /* MashhadApp.swift in Sources */ = {isa = PBXBuildFile; fileRef = 000000000000000000000205 /* MashhadApp.swift */; };
		000000000000000000000106 /* SessionStore.swift in Sources */ = {isa = PBXBuildFile; fileRef = 000000000000000000000206 /* SessionStore.swift */; };
		000000000000000000000131 /* AuthenticationService.swift in Sources */ = {isa = PBXBuildFile; fileRef = 000000000000000000000235 /* AuthenticationService.swift */; };
		000000000000000000000133 /* PendingSyncOperation.swift in Sources */ = {isa = PBXBuildFile; fileRef = 000000000000000000000238 /* PendingSyncOperation.swift */; };
		000000000000000000000134 /* WatchProgress.swift in Sources */ = {isa = PBXBuildFile; fileRef = 000000000000000000000237 /* WatchProgress.swift */; };
		000000000000000000000135 /* SpoilerProtection.swift in Sources */ = {isa = PBXBuildFile; fileRef = 000000000000000000000239 /* SpoilerProtection.swift */; };
		000000000000000000000136 /* OfflineSyncQueue.swift in Sources */ = {isa = PBXBuildFile; fileRef = 000000000000000000000240 /* OfflineSyncQueue.swift */; };
		000000000000000000000137 /* NotificationScheduler.swift in Sources */ = {isa = PBXBuildFile; fileRef = 000000000000000000000241 /* NotificationScheduler.swift */; };
		000000000000000000000138 /* CustomList.swift in Sources */ = {isa = PBXBuildFile; fileRef = 000000000000000000000243 /* CustomList.swift */; };
		000000000000000000000139 /* ListsView.swift in Sources */ = {isa = PBXBuildFile; fileRef = 000000000000000000000244 /* ListsView.swift */; };
		000000000000000000000107 /* Components.swift in Sources */ = {isa = PBXBuildFile; fileRef = 000000000000000000000207 /* Components.swift */; };
		000000000000000000000108 /* Theme.swift in Sources */ = {isa = PBXBuildFile; fileRef = 000000000000000000000208 /* Theme.swift */; };
		000000000000000000000109 /* EpisodeProgress.swift in Sources */ = {isa = PBXBuildFile; fileRef = 000000000000000000000209 /* EpisodeProgress.swift */; };
		000000000000000000000110 /* MediaModels.swift in Sources */ = {isa = PBXBuildFile; fileRef = 000000000000000000000210 /* MediaModels.swift */; };
		000000000000000000000111 /* WatchlistEntry.swift in Sources */ = {isa = PBXBuildFile; fileRef = 000000000000000000000211 /* WatchlistEntry.swift */; };
		000000000000000000000112 /* APIClient.swift in Sources */ = {isa = PBXBuildFile; fileRef = 000000000000000000000212 /* APIClient.swift */; };
		000000000000000000000113 /* TMDBService.swift in Sources */ = {isa = PBXBuildFile; fileRef = 000000000000000000000213 /* TMDBService.swift */; };
		000000000000000000000130 /* SupabaseService.swift in Sources */ = {isa = PBXBuildFile; fileRef = 000000000000000000000234 /* SupabaseService.swift */; };
		000000000000000000000114 /* KeychainStore.swift in Sources */ = {isa = PBXBuildFile; fileRef = 000000000000000000000214 /* KeychainStore.swift */; };
		000000000000000000000115 /* LoadState.swift in Sources */ = {isa = PBXBuildFile; fileRef = 000000000000000000000215 /* LoadState.swift */; };
		000000000000000000000116 /* ActivityView.swift in Sources */ = {isa = PBXBuildFile; fileRef = 000000000000000000000216 /* ActivityView.swift */; };
		000000000000000000000117 /* CalendarView.swift in Sources */ = {isa = PBXBuildFile; fileRef = 000000000000000000000217 /* CalendarView.swift */; };
		000000000000000000000118 /* DiscoverView.swift in Sources */ = {isa = PBXBuildFile; fileRef = 000000000000000000000218 /* DiscoverView.swift */; };
		000000000000000000000119 /* HomeView.swift in Sources */ = {isa = PBXBuildFile; fileRef = 000000000000000000000219 /* HomeView.swift */; };
		000000000000000000000120 /* MediaDetailsView.swift in Sources */ = {isa = PBXBuildFile; fileRef = 000000000000000000000220 /* MediaDetailsView.swift */; };
		000000000000000000000121 /* OnboardingView.swift in Sources */ = {isa = PBXBuildFile; fileRef = 000000000000000000000221 /* OnboardingView.swift */; };
		000000000000000000000122 /* ProfileView.swift in Sources */ = {isa = PBXBuildFile; fileRef = 000000000000000000000222 /* ProfileView.swift */; };
		000000000000000000000123 /* SearchView.swift in Sources */ = {isa = PBXBuildFile; fileRef = 000000000000000000000223 /* SearchView.swift */; };
		000000000000000000000124 /* StatisticsView.swift in Sources */ = {isa = PBXBuildFile; fileRef = 000000000000000000000224 /* StatisticsView.swift */; };
		000000000000000000000125 /* WatchlistView.swift in Sources */ = {isa = PBXBuildFile; fileRef = 000000000000000000000225 /* WatchlistView.swift */; };
		000000000000000000000132 /* AuthenticationView.swift in Sources */ = {isa = PBXBuildFile; fileRef = 000000000000000000000236 /* AuthenticationView.swift */; };
		000000000000000000000126 /* Localizable.xcstrings in Resources */ = {isa = PBXBuildFile; fileRef = 000000000000000000000226 /* Localizable.xcstrings */; };
		000000000000000000000127 /* PrivacyInfo.xcprivacy in Resources */ = {isa = PBXBuildFile; fileRef = 000000000000000000000227 /* PrivacyInfo.xcprivacy */; };
		000000000000000000000128 /* MashhadTests.swift in Sources */ = {isa = PBXBuildFile; fileRef = 000000000000000000000228 /* MashhadTests.swift */; };
		000000000000000000000129 /* MashhadUITests.swift in Sources */ = {isa = PBXBuildFile; fileRef = 000000000000000000000229 /* MashhadUITests.swift */; };
/* End PBXBuildFile section */

/* Begin PBXContainerItemProxy section */
		000000000000000000000801 = {isa = PBXContainerItemProxy; containerPortal = 000000000000000000000001; proxyType = 1; remoteGlobalIDString = 000000000000000000000502; remoteInfo = Mashhad; };
/* End PBXContainerItemProxy section */

/* Begin PBXFileReference section */
		000000000000000000000201 /* AppConfiguration.swift */ = {isa = PBXFileReference; lastKnownFileType = sourcecode.swift; path = AppConfiguration.swift; sourceTree = "<group>"; };
		000000000000000000000202 /* AppEnvironment.swift */ = {isa = PBXFileReference; lastKnownFileType = sourcecode.swift; path = AppEnvironment.swift; sourceTree = "<group>"; };
		000000000000000000000203 /* AppRouter.swift */ = {isa = PBXFileReference; lastKnownFileType = sourcecode.swift; path = AppRouter.swift; sourceTree = "<group>"; };
		000000000000000000000204 /* AppTab.swift */ = {isa = PBXFileReference; lastKnownFileType = sourcecode.swift; path = AppTab.swift; sourceTree = "<group>"; };
		000000000000000000000205 /* MashhadApp.swift */ = {isa = PBXFileReference; lastKnownFileType = sourcecode.swift; path = MashhadApp.swift; sourceTree = "<group>"; };
		000000000000000000000206 /* SessionStore.swift */ = {isa = PBXFileReference; lastKnownFileType = sourcecode.swift; path = SessionStore.swift; sourceTree = "<group>"; };
		000000000000000000000235 /* AuthenticationService.swift */ = {isa = PBXFileReference; lastKnownFileType = sourcecode.swift; path = AuthenticationService.swift; sourceTree = "<group>"; };
		000000000000000000000237 /* WatchProgress.swift */ = {isa = PBXFileReference; lastKnownFileType = sourcecode.swift; path = WatchProgress.swift; sourceTree = "<group>"; };
		000000000000000000000238 /* PendingSyncOperation.swift */ = {isa = PBXFileReference; lastKnownFileType = sourcecode.swift; path = PendingSyncOperation.swift; sourceTree = "<group>"; };
		000000000000000000000239 /* SpoilerProtection.swift */ = {isa = PBXFileReference; lastKnownFileType = sourcecode.swift; path = SpoilerProtection.swift; sourceTree = "<group>"; };
		000000000000000000000240 /* OfflineSyncQueue.swift */ = {isa = PBXFileReference; lastKnownFileType = sourcecode.swift; path = OfflineSyncQueue.swift; sourceTree = "<group>"; };
		000000000000000000000241 /* NotificationScheduler.swift */ = {isa = PBXFileReference; lastKnownFileType = sourcecode.swift; path = NotificationScheduler.swift; sourceTree = "<group>"; };
		000000000000000000000207 /* Components.swift */ = {isa = PBXFileReference; lastKnownFileType = sourcecode.swift; path = Components.swift; sourceTree = "<group>"; };
		000000000000000000000208 /* Theme.swift */ = {isa = PBXFileReference; lastKnownFileType = sourcecode.swift; path = Theme.swift; sourceTree = "<group>"; };
		000000000000000000000209 /* EpisodeProgress.swift */ = {isa = PBXFileReference; lastKnownFileType = sourcecode.swift; path = EpisodeProgress.swift; sourceTree = "<group>"; };
		000000000000000000000210 /* MediaModels.swift */ = {isa = PBXFileReference; lastKnownFileType = sourcecode.swift; path = MediaModels.swift; sourceTree = "<group>"; };
		000000000000000000000211 /* WatchlistEntry.swift */ = {isa = PBXFileReference; lastKnownFileType = sourcecode.swift; path = WatchlistEntry.swift; sourceTree = "<group>"; };
		000000000000000000000212 /* APIClient.swift */ = {isa = PBXFileReference; lastKnownFileType = sourcecode.swift; path = APIClient.swift; sourceTree = "<group>"; };
		000000000000000000000213 /* TMDBService.swift */ = {isa = PBXFileReference; lastKnownFileType = sourcecode.swift; path = TMDBService.swift; sourceTree = "<group>"; };
		000000000000000000000234 /* SupabaseService.swift */ = {isa = PBXFileReference; lastKnownFileType = sourcecode.swift; path = SupabaseService.swift; sourceTree = "<group>"; };
		000000000000000000000214 /* KeychainStore.swift */ = {isa = PBXFileReference; lastKnownFileType = sourcecode.swift; path = KeychainStore.swift; sourceTree = "<group>"; };
		000000000000000000000215 /* LoadState.swift */ = {isa = PBXFileReference; lastKnownFileType = sourcecode.swift; path = LoadState.swift; sourceTree = "<group>"; };
		000000000000000000000216 /* ActivityView.swift */ = {isa = PBXFileReference; lastKnownFileType = sourcecode.swift; path = ActivityView.swift; sourceTree = "<group>"; };
		000000000000000000000217 /* CalendarView.swift */ = {isa = PBXFileReference; lastKnownFileType = sourcecode.swift; path = CalendarView.swift; sourceTree = "<group>"; };
		000000000000000000000218 /* DiscoverView.swift */ = {isa = PBXFileReference; lastKnownFileType = sourcecode.swift; path = DiscoverView.swift; sourceTree = "<group>"; };
		000000000000000000000219 /* HomeView.swift */ = {isa = PBXFileReference; lastKnownFileType = sourcecode.swift; path = HomeView.swift; sourceTree = "<group>"; };
		000000000000000000000220 /* MediaDetailsView.swift */ = {isa = PBXFileReference; lastKnownFileType = sourcecode.swift; path = MediaDetailsView.swift; sourceTree = "<group>"; };
		000000000000000000000221 /* OnboardingView.swift */ = {isa = PBXFileReference; lastKnownFileType = sourcecode.swift; path = OnboardingView.swift; sourceTree = "<group>"; };
		000000000000000000000222 /* ProfileView.swift */ = {isa = PBXFileReference; lastKnownFileType = sourcecode.swift; path = ProfileView.swift; sourceTree = "<group>"; };
		000000000000000000000223 /* SearchView.swift */ = {isa = PBXFileReference; lastKnownFileType = sourcecode.swift; path = SearchView.swift; sourceTree = "<group>"; };
		000000000000000000000224 /* StatisticsView.swift */ = {isa = PBXFileReference; lastKnownFileType = sourcecode.swift; path = StatisticsView.swift; sourceTree = "<group>"; };
		000000000000000000000225 /* WatchlistView.swift */ = {isa = PBXFileReference; lastKnownFileType = sourcecode.swift; path = WatchlistView.swift; sourceTree = "<group>"; };
		000000000000000000000236 /* AuthenticationView.swift */ = {isa = PBXFileReference; lastKnownFileType = sourcecode.swift; path = AuthenticationView.swift; sourceTree = "<group>"; };
		000000000000000000000242 /* Mashhad.entitlements */ = {isa = PBXFileReference; lastKnownFileType = text.plist.entitlements; path = Mashhad.entitlements; sourceTree = "<group>"; };
		000000000000000000000243 /* CustomList.swift */ = {isa = PBXFileReference; lastKnownFileType = sourcecode.swift; path = CustomList.swift; sourceTree = "<group>"; };
		000000000000000000000244 /* ListsView.swift */ = {isa = PBXFileReference; lastKnownFileType = sourcecode.swift; path = ListsView.swift; sourceTree = "<group>"; };
		000000000000000000000226 /* Localizable.xcstrings */ = {isa = PBXFileReference; lastKnownFileType = text.xcstrings; path = Localizable.xcstrings; sourceTree = "<group>"; };
		000000000000000000000227 /* PrivacyInfo.xcprivacy */ = {isa = PBXFileReference; lastKnownFileType = text.xml; path = PrivacyInfo.xcprivacy; sourceTree = "<group>"; };
		000000000000000000000228 /* MashhadTests.swift */ = {isa = PBXFileReference; lastKnownFileType = sourcecode.swift; path = MashhadTests.swift; sourceTree = "<group>"; };
		000000000000000000000229 /* MashhadUITests.swift */ = {isa = PBXFileReference; lastKnownFileType = sourcecode.swift; path = MashhadUITests.swift; sourceTree = "<group>"; };
		000000000000000000000230 /* Info.plist */ = {isa = PBXFileReference; lastKnownFileType = text.plist.xml; path = Info.plist; sourceTree = "<group>"; };
		000000000000000000000231 /* Mashhad.app */ = {isa = PBXFileReference; explicitFileType = wrapper.application; includeInIndex = 0; path = Mashhad.app; sourceTree = BUILT_PRODUCTS_DIR; };
		000000000000000000000232 /* MashhadTests.xctest */ = {isa = PBXFileReference; explicitFileType = wrapper.cfbundle; includeInIndex = 0; path = MashhadTests.xctest; sourceTree = BUILT_PRODUCTS_DIR; };
		000000000000000000000233 /* MashhadUITests.xctest */ = {isa = PBXFileReference; explicitFileType = wrapper.cfbundle; includeInIndex = 0; path = MashhadUITests.xctest; sourceTree = BUILT_PRODUCTS_DIR; };
/* End PBXFileReference section */

/* Begin PBXFrameworksBuildPhase section */
		000000000000000000000401 /* Frameworks */ = {isa = PBXFrameworksBuildPhase; buildActionMask = 2147483647; files = ( ); runOnlyForDeploymentPostprocessing = 0; };
		000000000000000000000402 /* Frameworks */ = {isa = PBXFrameworksBuildPhase; buildActionMask = 2147483647; files = ( ); runOnlyForDeploymentPostprocessing = 0; };
		000000000000000000000403 /* Frameworks */ = {isa = PBXFrameworksBuildPhase; buildActionMask = 2147483647; files = ( ); runOnlyForDeploymentPostprocessing = 0; };
/* End PBXFrameworksBuildPhase section */

/* Begin PBXGroup section */
		000000000000000000000301 /* App */ = {isa = PBXGroup; children = (000000000000000000000201, 000000000000000000000202, 000000000000000000000203, 000000000000000000000204, 000000000000000000000205); path = App; sourceTree = "<group>"; };
		000000000000000000000302 /* Authentication */ = {isa = PBXGroup; children = (000000000000000000000206, 000000000000000000000235); path = Authentication; sourceTree = "<group>"; };
		000000000000000000000303 /* DesignSystem */ = {isa = PBXGroup; children = (000000000000000000000207, 000000000000000000000208); path = DesignSystem; sourceTree = "<group>"; };
		000000000000000000000304 /* Models */ = {isa = PBXGroup; children = (000000000000000000000209, 000000000000000000000210, 000000000000000000000211, 000000000000000000000237, 000000000000000000000238, 000000000000000000000243); path = Models; sourceTree = "<group>"; };
		000000000000000000000305 /* Networking */ = {isa = PBXGroup; children = (000000000000000000000212, 000000000000000000000213, 000000000000000000000234); path = Networking; sourceTree = "<group>"; };
		000000000000000000000306 /* Storage */ = {isa = PBXGroup; children = (000000000000000000000214, 000000000000000000000240); path = Storage; sourceTree = "<group>"; };
		000000000000000000000307 /* Utilities */ = {isa = PBXGroup; children = (000000000000000000000215, 000000000000000000000239); path = Utilities; sourceTree = "<group>"; };
		000000000000000000000327 /* Notifications */ = {isa = PBXGroup; children = (000000000000000000000241); path = Notifications; sourceTree = "<group>"; };
		000000000000000000000308 /* Core */ = {isa = PBXGroup; children = (000000000000000000000302, 000000000000000000000303, 000000000000000000000304, 000000000000000000000305, 000000000000000000000306, 000000000000000000000307, 000000000000000000000327); path = Core; sourceTree = "<group>"; };
		000000000000000000000316 /* ActivityFeed */ = {isa = PBXGroup; children = (000000000000000000000216); path = ActivityFeed; sourceTree = "<group>"; };
		000000000000000000000317 /* Calendar */ = {isa = PBXGroup; children = (000000000000000000000217); path = Calendar; sourceTree = "<group>"; };
		000000000000000000000318 /* Discover */ = {isa = PBXGroup; children = (000000000000000000000218); path = Discover; sourceTree = "<group>"; };
		000000000000000000000319 /* Home */ = {isa = PBXGroup; children = (000000000000000000000219); path = Home; sourceTree = "<group>"; };
		000000000000000000000320 /* MediaDetails */ = {isa = PBXGroup; children = (000000000000000000000220); path = MediaDetails; sourceTree = "<group>"; };
		000000000000000000000321 /* Onboarding */ = {isa = PBXGroup; children = (000000000000000000000221); path = Onboarding; sourceTree = "<group>"; };
		000000000000000000000322 /* Profile */ = {isa = PBXGroup; children = (000000000000000000000222); path = Profile; sourceTree = "<group>"; };
		000000000000000000000323 /* Search */ = {isa = PBXGroup; children = (000000000000000000000223); path = Search; sourceTree = "<group>"; };
		000000000000000000000324 /* Statistics */ = {isa = PBXGroup; children = (000000000000000000000224); path = Statistics; sourceTree = "<group>"; };
		000000000000000000000325 /* Watchlist */ = {isa = PBXGroup; children = (000000000000000000000225); path = Watchlist; sourceTree = "<group>"; };
		000000000000000000000326 /* Authentication */ = {isa = PBXGroup; children = (000000000000000000000236); path = Authentication; sourceTree = "<group>"; };
		000000000000000000000328 /* Lists */ = {isa = PBXGroup; children = (000000000000000000000244); path = Lists; sourceTree = "<group>"; };
		000000000000000000000309 /* Features */ = {isa = PBXGroup; children = (000000000000000000000316, 000000000000000000000317, 000000000000000000000318, 000000000000000000000319, 000000000000000000000320, 000000000000000000000321, 000000000000000000000322, 000000000000000000000323, 000000000000000000000324, 000000000000000000000325, 000000000000000000000326, 000000000000000000000328); path = Features; sourceTree = "<group>"; };
		000000000000000000000310 /* Resources */ = {isa = PBXGroup; children = (000000000000000000000226, 000000000000000000000227, 000000000000000000000230, 000000000000000000000242); path = Resources; sourceTree = "<group>"; };
		000000000000000000000311 /* Mashhad */ = {isa = PBXGroup; children = (000000000000000000000301, 000000000000000000000308, 000000000000000000000309, 000000000000000000000310); path = Mashhad; sourceTree = "<group>"; };
		000000000000000000000312 /* MashhadTests */ = {isa = PBXGroup; children = (000000000000000000000228); path = MashhadTests; sourceTree = "<group>"; };
		000000000000000000000313 /* MashhadUITests */ = {isa = PBXGroup; children = (000000000000000000000229); path = MashhadUITests; sourceTree = "<group>"; };
		000000000000000000000314 /* Products */ = {isa = PBXGroup; children = (000000000000000000000231, 000000000000000000000232, 000000000000000000000233); name = Products; sourceTree = "<group>"; };
		000000000000000000000315 /* Project */ = {isa = PBXGroup; children = (000000000000000000000311, 000000000000000000000312, 000000000000000000000313, 000000000000000000000314); sourceTree = "<group>"; };
/* End PBXGroup section */

/* Begin PBXNativeTarget section */
		000000000000000000000502 /* Mashhad */ = {isa = PBXNativeTarget; buildConfigurationList = 000000000000000000000602 /* Build configuration list for PBXNativeTarget "Mashhad" */; buildPhases = (000000000000000000000404, 000000000000000000000401, 000000000000000000000407); buildRules = ( ); dependencies = ( ); name = Mashhad; productName = Mashhad; productReference = 000000000000000000000231 /* Mashhad.app */; productType = "com.apple.product-type.application"; };
		000000000000000000000503 /* MashhadTests */ = {isa = PBXNativeTarget; buildConfigurationList = 000000000000000000000603 /* Build configuration list for PBXNativeTarget "MashhadTests" */; buildPhases = (000000000000000000000405, 000000000000000000000402); buildRules = ( ); dependencies = ( ); name = MashhadTests; productName = MashhadTests; productReference = 000000000000000000000232 /* MashhadTests.xctest */; productType = "com.apple.product-type.bundle.unit-test"; };
		000000000000000000000504 /* MashhadUITests */ = {isa = PBXNativeTarget; buildConfigurationList = 000000000000000000000604 /* Build configuration list for PBXNativeTarget "MashhadUITests" */; buildPhases = (000000000000000000000406, 000000000000000000000403); buildRules = ( ); dependencies = (000000000000000000000701); name = MashhadUITests; productName = MashhadUITests; productReference = 000000000000000000000233 /* MashhadUITests.xctest */; productType = "com.apple.product-type.bundle.ui-testing"; };
/* End PBXNativeTarget section */

/* Begin PBXProject section */
		000000000000000000000001 /* Project object */ = {isa = PBXProject; attributes = { LastUpgradeCheck = 1510; TargetAttributes = { 000000000000000000000502 = { CreatedOnToolsVersion = 15.0; }; 000000000000000000000503 = { CreatedOnToolsVersion = 15.0; TestTargetID = 000000000000000000000502; }; 000000000000000000000504 = { CreatedOnToolsVersion = 15.0; TestTargetID = 000000000000000000000502; }; }; }; buildConfigurationList = 000000000000000000000601 /* Build configuration list for PBXProject "Mashhad" */; compatibilityVersion = "Xcode 14.0"; developmentRegion = en; hasScannedForEncodings = 0; knownRegions = (en, ar); mainGroup = 000000000000000000000315; productRefGroup = 000000000000000000000314; projectDirPath = ""; projectRoot = ""; targets = (000000000000000000000502, 000000000000000000000503, 000000000000000000000504); };
/* End PBXProject section */

/* Begin PBXResourcesBuildPhase section */
		000000000000000000000407 /* Resources */ = {isa = PBXResourcesBuildPhase; buildActionMask = 2147483647; files = (000000000000000000000126, 000000000000000000000127); runOnlyForDeploymentPostprocessing = 0; };
/* End PBXResourcesBuildPhase section */

/* Begin PBXSourcesBuildPhase section */
		000000000000000000000404 /* Sources */ = {isa = PBXSourcesBuildPhase; buildActionMask = 2147483647; files = (000000000000000000000101, 000000000000000000000102, 000000000000000000000103, 000000000000000000000104, 000000000000000000000105, 000000000000000000000106, 000000000000000000000107, 000000000000000000000108, 000000000000000000000109, 000000000000000000000133, 000000000000000000000134, 000000000000000000000135, 000000000000000000000110, 000000000000000000000111, 000000000000000000000112, 000000000000000000000113, 000000000000000000000130, 000000000000000000000114, 000000000000000000000136, 000000000000000000000115, 000000000000000000000137, 000000000000000000000138, 000000000000000000000116, 000000000000000000000117, 000000000000000000000118, 000000000000000000000119, 000000000000000000000120, 000000000000000000000121, 000000000000000000000122, 000000000000000000000132, 000000000000000000000123, 000000000000000000000124, 000000000000000000000125, 000000000000000000000139); runOnlyForDeploymentPostprocessing = 0; };
		000000000000000000000405 /* Sources */ = {isa = PBXSourcesBuildPhase; buildActionMask = 2147483647; files = (000000000000000000000128); runOnlyForDeploymentPostprocessing = 0; };
		000000000000000000000406 /* Sources */ = {isa = PBXSourcesBuildPhase; buildActionMask = 2147483647; files = (000000000000000000000129); runOnlyForDeploymentPostprocessing = 0; };
/* End PBXSourcesBuildPhase section */

/* Begin PBXTargetDependency section */
		000000000000000000000701 /* PBXTargetDependency */ = {isa = PBXTargetDependency; target = 000000000000000000000502 /* Mashhad */; targetProxy = 000000000000000000000801 /* PBXContainerItemProxy */; };
/* End PBXTargetDependency section */

/* Begin XCBuildConfiguration section */
		000000000000000000000901 /* Debug */ = {isa = XCBuildConfiguration; buildSettings = { ALWAYS_SEARCH_USER_PATHS = NO; CLANG_ENABLE_MODULES = YES; SWIFT_VERSION = 5.0; }; name = Debug; };
		000000000000000000000902 /* Release */ = {isa = XCBuildConfiguration; buildSettings = { ALWAYS_SEARCH_USER_PATHS = NO; CLANG_ENABLE_MODULES = YES; SWIFT_VERSION = 5.0; }; name = Release; };
		000000000000000000000903 /* Debug */ = {isa = XCBuildConfiguration; buildSettings = { IPHONEOS_DEPLOYMENT_TARGET = 17.0; SWIFT_VERSION = 5.0; }; name = Debug; };
		000000000000000000000904 /* Release */ = {isa = XCBuildConfiguration; buildSettings = { IPHONEOS_DEPLOYMENT_TARGET = 17.0; SWIFT_VERSION = 5.0; }; name = Release; };
		000000000000000000000905 /* Debug */ = {isa = XCBuildConfiguration; buildSettings = { IPHONEOS_DEPLOYMENT_TARGET = 17.0; SWIFT_VERSION = 5.0; }; name = Debug; };
		000000000000000000000906 /* Release */ = {isa = XCBuildConfiguration; buildSettings = { IPHONEOS_DEPLOYMENT_TARGET = 17.0; SWIFT_VERSION = 5.0; }; name = Release; };
		000000000000000000000907 /* Debug */ = {isa = XCBuildConfiguration; buildSettings = { PRODUCT_BUNDLE_IDENTIFIER = com.mashhad.app; PRODUCT_NAME = Mashhad; INFOPLIST_FILE = Mashhad/Resources/Info.plist; CODE_SIGN_ENTITLEMENTS = Mashhad/Resources/Mashhad.entitlements; GENERATE_INFOPLIST_FILE = NO; IPHONEOS_DEPLOYMENT_TARGET = 17.0; TARGETED_DEVICE_FAMILY = 1; SWIFT_VERSION = 5.0; MARKETING_VERSION = 0.1.0; CURRENT_PROJECT_VERSION = 1; CODE_SIGN_STYLE = Automatic; TMDB_API_KEY = ""; SUPABASE_URL = ""; SUPABASE_ANON_KEY = ""; }; name = Debug; };
		000000000000000000000908 /* Release */ = {isa = XCBuildConfiguration; buildSettings = { PRODUCT_BUNDLE_IDENTIFIER = com.mashhad.app; PRODUCT_NAME = Mashhad; INFOPLIST_FILE = Mashhad/Resources/Info.plist; CODE_SIGN_ENTITLEMENTS = Mashhad/Resources/Mashhad.entitlements; GENERATE_INFOPLIST_FILE = NO; IPHONEOS_DEPLOYMENT_TARGET = 17.0; TARGETED_DEVICE_FAMILY = 1; SWIFT_VERSION = 5.0; MARKETING_VERSION = 0.1.0; CURRENT_PROJECT_VERSION = 1; CODE_SIGN_STYLE = Automatic; TMDB_API_KEY = ""; SUPABASE_URL = ""; SUPABASE_ANON_KEY = ""; }; name = Release; };
		000000000000000000000909 /* Debug */ = {isa = XCBuildConfiguration; buildSettings = { PRODUCT_BUNDLE_IDENTIFIER = com.mashhad.app.tests; PRODUCT_NAME = MashhadTests; TEST_HOST = "$(BUILT_PRODUCTS_DIR)/Mashhad.app/$(BUNDLE_EXECUTABLE_FOLDER_PATH)/Mashhad"; BUNDLE_LOADER = "$(TEST_HOST)"; INFOPLIST_KEY_CFBundleDisplayName = MashhadTests; IPHONEOS_DEPLOYMENT_TARGET = 17.0; SWIFT_VERSION = 5.0; }; name = Debug; };
		000000000000000000000910 /* Release */ = {isa = XCBuildConfiguration; buildSettings = { PRODUCT_BUNDLE_IDENTIFIER = com.mashhad.app.tests; PRODUCT_NAME = MashhadTests; TEST_HOST = "$(BUILT_PRODUCTS_DIR)/Mashhad.app/$(BUNDLE_EXECUTABLE_FOLDER_PATH)/Mashhad"; BUNDLE_LOADER = "$(TEST_HOST)"; INFOPLIST_KEY_CFBundleDisplayName = MashhadTests; IPHONEOS_DEPLOYMENT_TARGET = 17.0; SWIFT_VERSION = 5.0; }; name = Release; };
		000000000000000000000911 /* Debug */ = {isa = XCBuildConfiguration; buildSettings = { PRODUCT_BUNDLE_IDENTIFIER = com.mashhad.app.uitests; PRODUCT_NAME = MashhadUITests; TEST_TARGET_NAME = Mashhad; INFOPLIST_KEY_CFBundleDisplayName = MashhadUITests; IPHONEOS_DEPLOYMENT_TARGET = 17.0; SWIFT_VERSION = 5.0; }; name = Debug; };
		000000000000000000000912 /* Release */ = {isa = XCBuildConfiguration; buildSettings = { PRODUCT_BUNDLE_IDENTIFIER = com.mashhad.app.uitests; PRODUCT_NAME = MashhadUITests; TEST_TARGET_NAME = Mashhad; INFOPLIST_KEY_CFBundleDisplayName = MashhadUITests; IPHONEOS_DEPLOYMENT_TARGET = 17.0; SWIFT_VERSION = 5.0; }; name = Release; };
/* End XCBuildConfiguration section */

/* Begin XCConfigurationList section */
		000000000000000000000601 /* Build configuration list for PBXProject "Mashhad" */ = {isa = XCConfigurationList; buildConfigurations = (000000000000000000000901, 000000000000000000000902); defaultConfigurationIsVisible = 0; defaultConfigurationName = Release; };
		000000000000000000000602 /* Build configuration list for PBXNativeTarget "Mashhad" */ = {isa = XCConfigurationList; buildConfigurations = (000000000000000000000907, 000000000000000000000908); defaultConfigurationIsVisible = 0; defaultConfigurationName = Release; };
		000000000000000000000603 /* Build configuration list for PBXNativeTarget "MashhadTests" */ = {isa = XCConfigurationList; buildConfigurations = (000000000000000000000909, 000000000000000000000910); defaultConfigurationIsVisible = 0; defaultConfigurationName = Release; };
		000000000000000000000604 /* Build configuration list for PBXNativeTarget "MashhadUITests" */ = {isa = XCConfigurationList; buildConfigurations = (000000000000000000000911, 000000000000000000000912); defaultConfigurationIsVisible = 0; defaultConfigurationName = Release; };
/* End XCConfigurationList section */
	};
	rootObject = 000000000000000000000001 /* Project object */;
}
